{
  "originHash" : "df8e1c315fded82611a3342aaabc51e8ab7466b0ddee1eb86d7768aba941e038",
  "pins" : [
    {
      "identity" : "grdb.swift",
      "kind" : "remoteSourceControl",
      "location" : "https://github.com/groue/GRDB.swift",
      "state" : {
        "revision" : "b83108d10f42680d78f23fe4d4d80fc88dab3212",
        "version" : "7.11.1"
      }
    },
    {
      "identity" : "sparrow-domain",
      "kind" : "remoteSourceControl",
      "location" : "https://github.com/ksypSparrow/sparrow-domain",
      "state" : {
        "revision" : "f844e20fa84f2ea948e5d66562ea929e00773b91",
        "version" : "2.0.0"
      }
    }
  ],
  "version" : 3
}
