{
  "originHash" : "bdd52c0d02d10fc1a2cdf98e84d304388b9f23df3fe41022ea3670283eb74c53",
  "pins" : [
    {
      "identity" : "grdb.swift",
      "kind" : "remoteSourceControl",
      "location" : "https://github.com/groue/GRDB.swift",
      "state" : {
        "revision" : "b83108d10f42680d78f23fe4d4d80fc88dab3212",
        "version" : "7.11.1"
      }
    },
    {
      "identity" : "sparrow-domain",
      "kind" : "remoteSourceControl",
      "location" : "https://github.com/ksypSparrow/sparrow-domain",
      "state" : {
        "revision" : "fe0231299090342a62a6f3f0dd74c9b1ea441f99",
        "version" : "1.1.1"
      }
    }
  ],
  "version" : 3
}
