{
  "originHash" : "b187af89622f1d60a5daf6cc87792c9cec479f5c9871d7bac2f7f61828dee7f3",
  "pins" : [
    {
      "identity" : "grdb.swift",
      "kind" : "remoteSourceControl",
      "location" : "https://github.com/groue/GRDB.swift",
      "state" : {
        "revision" : "b83108d10f42680d78f23fe4d4d80fc88dab3212",
        "version" : "7.11.1"
      }
    },
    {
      "identity" : "sparrow-domain",
      "kind" : "remoteSourceControl",
      "location" : "https://github.com/ksypSparrow/sparrow-domain",
      "state" : {
        "revision" : "bf0d0dd9ffb22acf371b5531926acad50ab02cd0",
        "version" : "0.4.0"
      }
    }
  ],
  "version" : 3
}
