{
  "originHash" : "253c7d76d72c11a3120441bfab1164f71511d4c61bd8521b82ce77dfb92d4c27",
  "pins" : [
    {
      "identity" : "sparrow-domain",
      "kind" : "remoteSourceControl",
      "location" : "https://github.com/ksypSparrow/sparrow-domain",
      "state" : {
        "revision" : "f844e20fa84f2ea948e5d66562ea929e00773b91",
        "version" : "2.0.0"
      }
    }
  ],
  "version" : 3
}
