{
  "originHash" : "522243f7814a31dfb2830154fcf86a85c039425dc181312c619231acf521333e",
  "pins" : [
    {
      "identity" : "sparrow-domain",
      "kind" : "remoteSourceControl",
      "location" : "https://github.com/ksypSparrow/sparrow-domain",
      "state" : {
        "revision" : "fe0231299090342a62a6f3f0dd74c9b1ea441f99",
        "version" : "1.1.1"
      }
    }
  ],
  "version" : 3
}
